
Microsoft Visual Studio Solution File, Format Version 11.00
# Visual Studio 2010
Project("{FAE04EC0-301F-11D3-BF4B-00C04F79EFBC}") = "ImageResizer", "ImageResizer\ImageResizer.csproj", "{AECA3C00-F440-4483-87D8-770F08F00C80}"
EndProject
Global
	GlobalSection(SolutionConfigurationPlatforms) = preSolution
		Debug|Any CPU = Debug|Any CPU
		Debug|Mixed Platforms = Debug|Mixed Platforms
		Debug|x86 = Debug|x86
		OldRelease|Any CPU = OldRelease|Any CPU
		OldRelease|Mixed Platforms = OldRelease|Mixed Platforms
		OldRelease|x86 = OldRelease|x86
		Release|Any CPU = Release|Any CPU
		Release|Mixed Platforms = Release|Mixed Platforms
		Release|x86 = Release|x86
	EndGlobalSection
	GlobalSection(ProjectConfigurationPlatforms) = postSolution
		{AECA3C00-F440-4483-87D8-770F08F00C80}.Debug|Any CPU.ActiveCfg = Debug|Any CPU
		{AECA3C00-F440-4483-87D8-770F08F00C80}.Debug|Any CPU.Build.0 = Debug|Any CPU
		{AECA3C00-F440-4483-87D8-770F08F00C80}.Debug|Mixed Platforms.ActiveCfg = Debug|Any CPU
		{AECA3C00-F440-4483-87D8-770F08F00C80}.Debug|Mixed Platforms.Build.0 = Debug|Any CPU
		{AECA3C00-F440-4483-87D8-770F08F00C80}.Debug|x86.ActiveCfg = Debug|Any CPU
		{AECA3C00-F440-4483-87D8-770F08F00C80}.OldRelease|Any CPU.ActiveCfg = OldRelease|Any CPU
		{AECA3C00-F440-4483-87D8-770F08F00C80}.OldRelease|Any CPU.Build.0 = OldRelease|Any CPU
		{AECA3C00-F440-4483-87D8-770F08F00C80}.OldRelease|Mixed Platforms.ActiveCfg = OldRelease|Any CPU
		{AECA3C00-F440-4483-87D8-770F08F00C80}.OldRelease|Mixed Platforms.Build.0 = OldRelease|Any CPU
		{AECA3C00-F440-4483-87D8-770F08F00C80}.OldRelease|x86.ActiveCfg = OldRelease|Any CPU
		{AECA3C00-F440-4483-87D8-770F08F00C80}.Release|Any CPU.ActiveCfg = Release|Any CPU
		{AECA3C00-F440-4483-87D8-770F08F00C80}.Release|Any CPU.Build.0 = Release|Any CPU
		{AECA3C00-F440-4483-87D8-770F08F00C80}.Release|Mixed Platforms.ActiveCfg = Release|Any CPU
		{AECA3C00-F440-4483-87D8-770F08F00C80}.Release|Mixed Platforms.Build.0 = Release|Any CPU
		{AECA3C00-F440-4483-87D8-770F08F00C80}.Release|x86.ActiveCfg = Release|Any CPU
	EndGlobalSection
	GlobalSection(SolutionProperties) = preSolution
		HideSolutionNode = FALSE
	EndGlobalSection
EndGlobal
