
Microsoft Visual Studio Solution File, Format Version 12.00
# Visual Studio 2012
Project("{FAE04EC0-301F-11D3-BF4B-00C04F79EFBC}") = "Simple.ImageResizer", "Simple.ImageResizer\Simple.ImageResizer.csproj", "{AECA3C00-F440-4483-87D8-770F08F00C80}"
EndProject
Project("{FAE04EC0-301F-11D3-BF4B-00C04F79EFBC}") = "Simple.ImageResizer.UnitTests", "Simple.ImageResizer.UnitTests\Simple.ImageResizer.UnitTests.csproj", "{BD9B2369-167E-4CED-80B9-D67634FB3E69}"
EndProject
Project("{FAE04EC0-301F-11D3-BF4B-00C04F79EFBC}") = "Simple.ImageResizer.MvcDemo", "samples\Simple.ImageResizer.MvcDemo\Simple.ImageResizer.MvcDemo.csproj", "{4785BBED-99CE-4C62-8205-34387938AA12}"
EndProject
Project("{FAE04EC0-301F-11D3-BF4B-00C04F79EFBC}") = "Simple.ImageResizer.MvcExtensions", "Simple.ImageResizer.MvcExtensions\Simple.ImageResizer.MvcExtensions.csproj", "{8AF52B4A-B8D9-4C67-B43B-C654C49C3484}"
EndProject
Project("{2150E333-8FDC-42A3-9474-1A3956D46DE8}") = ".nuget", ".nuget", "{4ECFABC9-7B6E-41DE-BF55-724A4FBE91ED}"
	ProjectSection(SolutionItems) = preProject
		.nuget\NuGet.Config = .nuget\NuGet.Config
		.nuget\NuGet.exe = .nuget\NuGet.exe
		.nuget\NuGet.targets = .nuget\NuGet.targets
	EndProjectSection
EndProject
Global
	GlobalSection(SolutionConfigurationPlatforms) = preSolution
		Debug|Any CPU = Debug|Any CPU
		OldRelease|Any CPU = OldRelease|Any CPU
		Release|Any CPU = Release|Any CPU
	EndGlobalSection
	GlobalSection(ProjectConfigurationPlatforms) = postSolution
		{AECA3C00-F440-4483-87D8-770F08F00C80}.Debug|Any CPU.ActiveCfg = Debug|Any CPU
		{AECA3C00-F440-4483-87D8-770F08F00C80}.Debug|Any CPU.Build.0 = Debug|Any CPU
		{AECA3C00-F440-4483-87D8-770F08F00C80}.OldRelease|Any CPU.ActiveCfg = OldRelease|Any CPU
		{AECA3C00-F440-4483-87D8-770F08F00C80}.OldRelease|Any CPU.Build.0 = OldRelease|Any CPU
		{AECA3C00-F440-4483-87D8-770F08F00C80}.Release|Any CPU.ActiveCfg = Release|Any CPU
		{AECA3C00-F440-4483-87D8-770F08F00C80}.Release|Any CPU.Build.0 = Release|Any CPU
		{BD9B2369-167E-4CED-80B9-D67634FB3E69}.Debug|Any CPU.ActiveCfg = Debug|Any CPU
		{BD9B2369-167E-4CED-80B9-D67634FB3E69}.Debug|Any CPU.Build.0 = Debug|Any CPU
		{BD9B2369-167E-4CED-80B9-D67634FB3E69}.OldRelease|Any CPU.ActiveCfg = Release|Any CPU
		{BD9B2369-167E-4CED-80B9-D67634FB3E69}.OldRelease|Any CPU.Build.0 = Release|Any CPU
		{BD9B2369-167E-4CED-80B9-D67634FB3E69}.Release|Any CPU.ActiveCfg = Release|Any CPU
		{BD9B2369-167E-4CED-80B9-D67634FB3E69}.Release|Any CPU.Build.0 = Release|Any CPU
		{4785BBED-99CE-4C62-8205-34387938AA12}.Debug|Any CPU.ActiveCfg = Debug|Any CPU
		{4785BBED-99CE-4C62-8205-34387938AA12}.Debug|Any CPU.Build.0 = Debug|Any CPU
		{4785BBED-99CE-4C62-8205-34387938AA12}.OldRelease|Any CPU.ActiveCfg = Release|Any CPU
		{4785BBED-99CE-4C62-8205-34387938AA12}.OldRelease|Any CPU.Build.0 = Release|Any CPU
		{4785BBED-99CE-4C62-8205-34387938AA12}.Release|Any CPU.ActiveCfg = Release|Any CPU
		{4785BBED-99CE-4C62-8205-34387938AA12}.Release|Any CPU.Build.0 = Release|Any CPU
		{8AF52B4A-B8D9-4C67-B43B-C654C49C3484}.Debug|Any CPU.ActiveCfg = Debug|Any CPU
		{8AF52B4A-B8D9-4C67-B43B-C654C49C3484}.Debug|Any CPU.Build.0 = Debug|Any CPU
		{8AF52B4A-B8D9-4C67-B43B-C654C49C3484}.OldRelease|Any CPU.ActiveCfg = Release|Any CPU
		{8AF52B4A-B8D9-4C67-B43B-C654C49C3484}.OldRelease|Any CPU.Build.0 = Release|Any CPU
		{8AF52B4A-B8D9-4C67-B43B-C654C49C3484}.Release|Any CPU.ActiveCfg = Release|Any CPU
		{8AF52B4A-B8D9-4C67-B43B-C654C49C3484}.Release|Any CPU.Build.0 = Release|Any CPU
	EndGlobalSection
	GlobalSection(SolutionProperties) = preSolution
		HideSolutionNode = FALSE
	EndGlobalSection
EndGlobal
